{
  "name": "cosmic-styles-booking",
  "lockfileVersion": 3,
  "requires": true,
  "packages": {
    "": {
      "name": "cosmic-styles-booking",
      "dependencies": {
        "nodemailer": "^7.0.0"
      }
    },
    "node_modules/nodemailer": {
      "version": "7.0.13",
      "resolved": "https://registry.npmjs.org/nodemailer/-/nodemailer-7.0.13.tgz",
      "integrity": "sha512-PNDFSJdP+KFgdsG3ZzMXCgquO7I6McjY2vlqILjtJd0hy8wEvtugS9xKRF2NWlPNGxvLCXlTNIae4serI7dinw==",
      "license": "MIT-0",
      "engines": {
        "node": ">=6.0.0"
      }
    }
  }
}
